
Microsoft Visual Studio Solution File, Format Version 12.00
# Visual Studio Version 17
VisualStudioVersion = 17.7.34009.444
MinimumVisualStudioVersion = 10.0.40219.1
Project("{2150E333-8FDC-42A3-9474-1A3956D46DE8}") = "Services", "Services", "{6DE301AC-CD11-40A8-9EAB-76EBA17D1087}"
EndProject
Project("{2150E333-8FDC-42A3-9474-1A3956D46DE8}") = "Catalog", "Catalog", "{35DDD6FF-281A-49A7-AFE3-CBD9A0983F3B}"
EndProject
Project("{9A19103F-16F7-4668-BE54-9A1E7A4F7556}") = "Catalog.API", "Services\Catalog\Catalog.API\Catalog.API.csproj", "{07C569B3-97B7-4B67-A2FA-CC76982EA0C3}"
EndProject
Project("{E53339B2-1760-4266-BCC7-CA923CBCF16C}") = "docker-compose", "docker-compose.dcproj", "{D04329FE-317D-4ADC-9C2A-34683E7337DC}"
EndProject
Project("{2150E333-8FDC-42A3-9474-1A3956D46DE8}") = "Basket", "Basket", "{AF83550A-213F-4FE9-96E3-9BB3FF1FACE8}"
EndProject
Project("{9A19103F-16F7-4668-BE54-9A1E7A4F7556}") = "Basket.API", "Services\Basket\Basket.API\Basket.API.csproj", "{9BBAFF54-67CB-422F-A749-2DAA24374407}"
EndProject
Project("{2150E333-8FDC-42A3-9474-1A3956D46DE8}") = "Discount", "Discount", "{34006732-1149-4F25-9749-A5502F6EBBC5}"
EndProject
Project("{9A19103F-16F7-4668-BE54-9A1E7A4F7556}") = "Discount.API", "Services\Discount\Discount.API\Discount.API.csproj", "{36C254DB-83BB-43B5-9530-DA809A0C753F}"
EndProject
Project("{9A19103F-16F7-4668-BE54-9A1E7A4F7556}") = "Discount.Grpc", "Services\Discount\Discount.Grpc\Discount.Grpc.csproj", "{6FF54533-7C31-46CF-AAB3-440989B531A6}"
EndProject
Project("{2150E333-8FDC-42A3-9474-1A3956D46DE8}") = "Ordering", "Ordering", "{1B4DE355-C7AF-4386-A7AA-530ACEE248A1}"
EndProject
Project("{9A19103F-16F7-4668-BE54-9A1E7A4F7556}") = "Ordering.API", "Services\Ordering\Ordering.API\Ordering.API.csproj", "{D4193E7C-B02A-46DA-90CC-6E469A04A473}"
EndProject
Project("{9A19103F-16F7-4668-BE54-9A1E7A4F7556}") = "Ordering.Domain", "Services\Ordering\Ordering.Domain\Ordering.Domain.csproj", "{42D6583F-8632-4DC8-BA80-F69D48D20C31}"
EndProject
Project("{9A19103F-16F7-4668-BE54-9A1E7A4F7556}") = "Ordering.Application", "Services\Ordering\Ordering.Application\Ordering.Application.csproj", "{C472925D-E31A-4F07-8CCF-C99B43E585D5}"
EndProject
Project("{9A19103F-16F7-4668-BE54-9A1E7A4F7556}") = "Ordering.Infrastructure", "Services\Ordering\Ordering.Infrastructure\Ordering.Infrastructure.csproj", "{783E0D73-AD6B-49F4-A612-B2C214EF0889}"
EndProject
Project("{2150E333-8FDC-42A3-9474-1A3956D46DE8}") = "BuildingBlocks", "BuildingBlocks", "{2BFCE124-9C43-4FAB-8935-7508606AC87B}"
EndProject
Project("{9A19103F-16F7-4668-BE54-9A1E7A4F7556}") = "EventBus.Messages", "BuildingBlocks\EventBus.Messages\EventBus.Messages.csproj", "{2ED0BF2A-0DFD-4824-9298-E9B6A6077DC2}"
EndProject
Project("{2150E333-8FDC-42A3-9474-1A3956D46DE8}") = "ApiGateways", "ApiGateways", "{ECE792FA-C585-4A60-BB6F-C3BA0222904F}"
EndProject
Project("{FAE04EC0-301F-11D3-BF4B-00C04F79EFBC}") = "OcelotAPIGatway", "ApiGateways\OcelotAPIGatway\OcelotAPIGatway.csproj", "{257FAC51-D58B-4A32-A729-CC1AC8F03F6F}"
EndProject
Global
	GlobalSection(SolutionConfigurationPlatforms) = preSolution
		Debug|Any CPU = Debug|Any CPU
		Release|Any CPU = Release|Any CPU
	EndGlobalSection
	GlobalSection(ProjectConfigurationPlatforms) = postSolution
		{07C569B3-97B7-4B67-A2FA-CC76982EA0C3}.Debug|Any CPU.ActiveCfg = Debug|Any CPU
		{07C569B3-97B7-4B67-A2FA-CC76982EA0C3}.Debug|Any CPU.Build.0 = Debug|Any CPU
		{07C569B3-97B7-4B67-A2FA-CC76982EA0C3}.Release|Any CPU.ActiveCfg = Release|Any CPU
		{07C569B3-97B7-4B67-A2FA-CC76982EA0C3}.Release|Any CPU.Build.0 = Release|Any CPU
		{D04329FE-317D-4ADC-9C2A-34683E7337DC}.Debug|Any CPU.ActiveCfg = Debug|Any CPU
		{D04329FE-317D-4ADC-9C2A-34683E7337DC}.Debug|Any CPU.Build.0 = Debug|Any CPU
		{D04329FE-317D-4ADC-9C2A-34683E7337DC}.Release|Any CPU.ActiveCfg = Release|Any CPU
		{D04329FE-317D-4ADC-9C2A-34683E7337DC}.Release|Any CPU.Build.0 = Release|Any CPU
		{9BBAFF54-67CB-422F-A749-2DAA24374407}.Debug|Any CPU.ActiveCfg = Debug|Any CPU
		{9BBAFF54-67CB-422F-A749-2DAA24374407}.Debug|Any CPU.Build.0 = Debug|Any CPU
		{9BBAFF54-67CB-422F-A749-2DAA24374407}.Release|Any CPU.ActiveCfg = Release|Any CPU
		{9BBAFF54-67CB-422F-A749-2DAA24374407}.Release|Any CPU.Build.0 = Release|Any CPU
		{36C254DB-83BB-43B5-9530-DA809A0C753F}.Debug|Any CPU.ActiveCfg = Debug|Any CPU
		{36C254DB-83BB-43B5-9530-DA809A0C753F}.Debug|Any CPU.Build.0 = Debug|Any CPU
		{36C254DB-83BB-43B5-9530-DA809A0C753F}.Release|Any CPU.ActiveCfg = Release|Any CPU
		{36C254DB-83BB-43B5-9530-DA809A0C753F}.Release|Any CPU.Build.0 = Release|Any CPU
		{6FF54533-7C31-46CF-AAB3-440989B531A6}.Debug|Any CPU.ActiveCfg = Debug|Any CPU
		{6FF54533-7C31-46CF-AAB3-440989B531A6}.Debug|Any CPU.Build.0 = Debug|Any CPU
		{6FF54533-7C31-46CF-AAB3-440989B531A6}.Release|Any CPU.ActiveCfg = Release|Any CPU
		{6FF54533-7C31-46CF-AAB3-440989B531A6}.Release|Any CPU.Build.0 = Release|Any CPU
		{D4193E7C-B02A-46DA-90CC-6E469A04A473}.Debug|Any CPU.ActiveCfg = Debug|Any CPU
		{D4193E7C-B02A-46DA-90CC-6E469A04A473}.Debug|Any CPU.Build.0 = Debug|Any CPU
		{D4193E7C-B02A-46DA-90CC-6E469A04A473}.Release|Any CPU.ActiveCfg = Release|Any CPU
		{D4193E7C-B02A-46DA-90CC-6E469A04A473}.Release|Any CPU.Build.0 = Release|Any CPU
		{42D6583F-8632-4DC8-BA80-F69D48D20C31}.Debug|Any CPU.ActiveCfg = Debug|Any CPU
		{42D6583F-8632-4DC8-BA80-F69D48D20C31}.Debug|Any CPU.Build.0 = Debug|Any CPU
		{42D6583F-8632-4DC8-BA80-F69D48D20C31}.Release|Any CPU.ActiveCfg = Release|Any CPU
		{42D6583F-8632-4DC8-BA80-F69D48D20C31}.Release|Any CPU.Build.0 = Release|Any CPU
		{C472925D-E31A-4F07-8CCF-C99B43E585D5}.Debug|Any CPU.ActiveCfg = Debug|Any CPU
		{C472925D-E31A-4F07-8CCF-C99B43E585D5}.Debug|Any CPU.Build.0 = Debug|Any CPU
		{C472925D-E31A-4F07-8CCF-C99B43E585D5}.Release|Any CPU.ActiveCfg = Release|Any CPU
		{C472925D-E31A-4F07-8CCF-C99B43E585D5}.Release|Any CPU.Build.0 = Release|Any CPU
		{783E0D73-AD6B-49F4-A612-B2C214EF0889}.Debug|Any CPU.ActiveCfg = Debug|Any CPU
		{783E0D73-AD6B-49F4-A612-B2C214EF0889}.Debug|Any CPU.Build.0 = Debug|Any CPU
		{783E0D73-AD6B-49F4-A612-B2C214EF0889}.Release|Any CPU.ActiveCfg = Release|Any CPU
		{783E0D73-AD6B-49F4-A612-B2C214EF0889}.Release|Any CPU.Build.0 = Release|Any CPU
		{2ED0BF2A-0DFD-4824-9298-E9B6A6077DC2}.Debug|Any CPU.ActiveCfg = Debug|Any CPU
		{2ED0BF2A-0DFD-4824-9298-E9B6A6077DC2}.Debug|Any CPU.Build.0 = Debug|Any CPU
		{2ED0BF2A-0DFD-4824-9298-E9B6A6077DC2}.Release|Any CPU.ActiveCfg = Release|Any CPU
		{2ED0BF2A-0DFD-4824-9298-E9B6A6077DC2}.Release|Any CPU.Build.0 = Release|Any CPU
		{257FAC51-D58B-4A32-A729-CC1AC8F03F6F}.Debug|Any CPU.ActiveCfg = Debug|Any CPU
		{257FAC51-D58B-4A32-A729-CC1AC8F03F6F}.Debug|Any CPU.Build.0 = Debug|Any CPU
		{257FAC51-D58B-4A32-A729-CC1AC8F03F6F}.Release|Any CPU.ActiveCfg = Release|Any CPU
		{257FAC51-D58B-4A32-A729-CC1AC8F03F6F}.Release|Any CPU.Build.0 = Release|Any CPU
	EndGlobalSection
	GlobalSection(SolutionProperties) = preSolution
		HideSolutionNode = FALSE
	EndGlobalSection
	GlobalSection(NestedProjects) = preSolution
		{35DDD6FF-281A-49A7-AFE3-CBD9A0983F3B} = {6DE301AC-CD11-40A8-9EAB-76EBA17D1087}
		{07C569B3-97B7-4B67-A2FA-CC76982EA0C3} = {35DDD6FF-281A-49A7-AFE3-CBD9A0983F3B}
		{AF83550A-213F-4FE9-96E3-9BB3FF1FACE8} = {6DE301AC-CD11-40A8-9EAB-76EBA17D1087}
		{9BBAFF54-67CB-422F-A749-2DAA24374407} = {AF83550A-213F-4FE9-96E3-9BB3FF1FACE8}
		{34006732-1149-4F25-9749-A5502F6EBBC5} = {6DE301AC-CD11-40A8-9EAB-76EBA17D1087}
		{36C254DB-83BB-43B5-9530-DA809A0C753F} = {34006732-1149-4F25-9749-A5502F6EBBC5}
		{6FF54533-7C31-46CF-AAB3-440989B531A6} = {34006732-1149-4F25-9749-A5502F6EBBC5}
		{1B4DE355-C7AF-4386-A7AA-530ACEE248A1} = {6DE301AC-CD11-40A8-9EAB-76EBA17D1087}
		{D4193E7C-B02A-46DA-90CC-6E469A04A473} = {1B4DE355-C7AF-4386-A7AA-530ACEE248A1}
		{42D6583F-8632-4DC8-BA80-F69D48D20C31} = {1B4DE355-C7AF-4386-A7AA-530ACEE248A1}
		{C472925D-E31A-4F07-8CCF-C99B43E585D5} = {1B4DE355-C7AF-4386-A7AA-530ACEE248A1}
		{783E0D73-AD6B-49F4-A612-B2C214EF0889} = {1B4DE355-C7AF-4386-A7AA-530ACEE248A1}
		{2ED0BF2A-0DFD-4824-9298-E9B6A6077DC2} = {2BFCE124-9C43-4FAB-8935-7508606AC87B}
		{257FAC51-D58B-4A32-A729-CC1AC8F03F6F} = {ECE792FA-C585-4A60-BB6F-C3BA0222904F}
	EndGlobalSection
	GlobalSection(ExtensibilityGlobals) = postSolution
		SolutionGuid = {CE923BA7-378D-4F2C-8C95-5BE5B47760C9}
	EndGlobalSection
EndGlobal
